// !$*UTF8*$!
{
	archiveVersion = 1;
	classes = {
	};
	objectVersion = 46;
	objects = {

/* Begin PBXBuildFile section */
		4B1E364019CF2578008FF634 /* AppDelegate.swift in Sources */ = {isa = PBXBuildFile; fileRef = 4B1E363F19CF2578008FF634 /* AppDelegate.swift */; };
		4B1E364219CF2578008FF634 /* ViewController.swift in Sources */ = {isa = PBXBuildFile; fileRef = 4B1E364119CF2578008FF634 /* ViewController.swift */; };
		4B1E364519CF2578008FF634 /* Main.storyboard in Resources */ = {isa = PBXBuildFile; fileRef = 4B1E364319CF2578008FF634 /* Main.storyboard */; };
		4B1E364719CF2578008FF634 /* Images.xcassets in Resources */ = {isa = PBXBuildFile; fileRef = 4B1E364619CF2578008FF634 /* Images.xcassets */; };
		4B1E364A19CF2578008FF634 /* LaunchScreen.xib in Resources */ = {isa = PBXBuildFile; fileRef = 4B1E364819CF2578008FF634 /* LaunchScreen.xib */; };
		4B1E365619CF2578008FF634 /* PostcardTests.swift in Sources */ = {isa = PBXBuildFile; fileRef = 4B1E365519CF2578008FF634 /* PostcardTests.swift */; };
		4B1E366019CF2DB6008FF634 /* SagradaFamilia.jpeg in Resources */ = {isa = PBXBuildFile; fileRef = 4B1E365F19CF2DB6008FF634 /* SagradaFamilia.jpeg */; };
		4B1E366219CF307A008FF634 /* AlbertEinsteinStamp.jpg in Resources */ = {isa = PBXBuildFile; fileRef = 4B1E366119CF307A008FF634 /* AlbertEinsteinStamp.jpg */; };
/* End PBXBuildFile section */

/* Begin PBXContainerItemProxy section */
		4B1E365019CF2578008FF634 /* PBXContainerItemProxy */ = {
			isa = PBXContainerItemProxy;
			containerPortal = 4B1E363219CF2578008FF634 /* Project object */;
			proxyType = 1;
			remoteGlobalIDString = 4B1E363919CF2578008FF634;
			remoteInfo = Postcard;
		};
/* End PBXContainerItemProxy section */

/* Begin PBXFileReference section */
		4B1E363A19CF2578008FF634 /* Postcard.app */ = {isa = PBXFileReference; explicitFileType = wrapper.application; includeInIndex = 0; path = Postcard.app; sourceTree = BUILT_PRODUCTS_DIR; };
		4B1E363E19CF2578008FF634 /* Info.plist */ = {isa = PBXFileReference; lastKnownFileType = text.plist.xml; path = Info.plist; sourceTree = "<group>"; };
		4B1E363F19CF2578008FF634 /* AppDelegate.swift */ = {isa = PBXFileReference; lastKnownFileType = sourcecode.swift; path = AppDelegate.swift; sourceTree = "<group>"; };
		4B1E364119CF2578008FF634 /* ViewController.swift */ = {isa = PBXFileReference; lastKnownFileType = sourcecode.swift; path = ViewController.swift; sourceTree = "<group>"; };
		4B1E364419CF2578008FF634 /* Base */ = {isa = PBXFileReference; lastKnownFileType = file.storyboard; name = Base; path = Base.lproj/Main.storyboard; sourceTree = "<group>"; };
		4B1E364619CF2578008FF634 /* Images.xcassets */ = {isa = PBXFileReference; lastKnownFileType = folder.assetcatalog; path = Images.xcassets; sourceTree = "<group>"; };
		4B1E364919CF2578008FF634 /* Base */ = {isa = PBXFileReference; lastKnownFileType = file.xib; name = Base; path = Base.lproj/LaunchScreen.xib; sourceTree = "<group>"; };
		4B1E364F19CF2578008FF634 /* PostcardTests.xctest */ = {isa = PBXFileReference; explicitFileType = wrapper.cfbundle; includeInIndex = 0; path = PostcardTests.xctest; sourceTree = BUILT_PRODUCTS_DIR; };
		4B1E365419CF2578008FF634 /* Info.plist */ = {isa = PBXFileReference; lastKnownFileType = text.plist.xml; path = Info.plist; sourceTree = "<group>"; };
		4B1E365519CF2578008FF634 /* PostcardTests.swift */ = {isa = PBXFileReference; lastKnownFileType = sourcecode.swift; path = PostcardTests.swift; sourceTree = "<group>"; };
		4B1E365F19CF2DB6008FF634 /* SagradaFamilia.jpeg */ = {isa = PBXFileReference; lastKnownFileType = image.jpeg; path = SagradaFamilia.jpeg; sourceTree = "<group>"; };
		4B1E366119CF307A008FF634 /* AlbertEinsteinStamp.jpg */ = {isa = PBXFileReference; lastKnownFileType = image.jpeg; path = AlbertEinsteinStamp.jpg; sourceTree = "<group>"; };
/* End PBXFileReference section */

/* Begin PBXFrameworksBuildPhase section */
		4B1E363719CF2578008FF634 /* Frameworks */ = {
			isa = PBXFrameworksBuildPhase;
			buildActionMask = 2147483647;
			files = (
			);
			runOnlyForDeploymentPostprocessing = 0;
		};
		4B1E364C19CF2578008FF634 /* Frameworks */ = {
			isa = PBXFrameworksBuildPhase;
			buildActionMask = 2147483647;
			files = (
			);
			runOnlyForDeploymentPostprocessing = 0;
		};
/* End PBXFrameworksBuildPhase section */

/* Begin PBXGroup section */
		4B1E363119CF2578008FF634 = {
			isa = PBXGroup;
			children = (
				4B1E363C19CF2578008FF634 /* Postcard */,
				4B1E365219CF2578008FF634 /* PostcardTests */,
				4B1E363B19CF2578008FF634 /* Products */,
			);
			sourceTree = "<group>";
		};
		4B1E363B19CF2578008FF634 /* Products */ = {
			isa = PBXGroup;
			children = (
				4B1E363A19CF2578008FF634 /* Postcard.app */,
				4B1E364F19CF2578008FF634 /* PostcardTests.xctest */,
			);
			name = Products;
			sourceTree = "<group>";
		};
		4B1E363C19CF2578008FF634 /* Postcard */ = {
			isa = PBXGroup;
			children = (
				4B1E363F19CF2578008FF634 /* AppDelegate.swift */,
				4B1E364119CF2578008FF634 /* ViewController.swift */,
				4B1E364319CF2578008FF634 /* Main.storyboard */,
				4B1E364619CF2578008FF634 /* Images.xcassets */,
				4B1E364819CF2578008FF634 /* LaunchScreen.xib */,
				4B1E363D19CF2578008FF634 /* Supporting Files */,
			);
			path = Postcard;
			sourceTree = "<group>";
		};
		4B1E363D19CF2578008FF634 /* Supporting Files */ = {
			isa = PBXGroup;
			children = (
				4B1E366119CF307A008FF634 /* AlbertEinsteinStamp.jpg */,
				4B1E365F19CF2DB6008FF634 /* SagradaFamilia.jpeg */,
				4B1E363E19CF2578008FF634 /* Info.plist */,
			);
			name = "Supporting Files";
			sourceTree = "<group>";
		};
		4B1E365219CF2578008FF634 /* PostcardTests */ = {
			isa = PBXGroup;
			children = (
				4B1E365519CF2578008FF634 /* PostcardTests.swift */,
				4B1E365319CF2578008FF634 /* Supporting Files */,
			);
			path = PostcardTests;
			sourceTree = "<group>";
		};
		4B1E365319CF2578008FF634 /* Supporting Files */ = {
			isa = PBXGroup;
			children = (
				4B1E365419CF2578008FF634 /* Info.plist */,
			);
			name = "Supporting Files";
			sourceTree = "<group>";
		};
/* End PBXGroup section */

/* Begin PBXNativeTarget section */
		4B1E363919CF2578008FF634 /* Postcard */ = {
			isa = PBXNativeTarget;
			buildConfigurationList = 4B1E365919CF2578008FF634 /* Build configuration list for PBXNativeTarget "Postcard" */;
			buildPhases = (
				4B1E363619CF2578008FF634 /* Sources */,
				4B1E363719CF2578008FF634 /* Frameworks */,
				4B1E363819CF2578008FF634 /* Resources */,
			);
			buildRules = (
			);
			dependencies = (
			);
			name = Postcard;
			productName = Postcard;
			productReference = 4B1E363A19CF2578008FF634 /* Postcard.app */;
			productType = "com.apple.product-type.application";
		};
		4B1E364E19CF2578008FF634 /* PostcardTests */ = {
			isa = PBXNativeTarget;
			buildConfigurationList = 4B1E365C19CF2578008FF634 /* Build configuration list for PBXNativeTarget "PostcardTests" */;
			buildPhases = (
				4B1E364B19CF2578008FF634 /* Sources */,
				4B1E364C19CF2578008FF634 /* Frameworks */,
				4B1E364D19CF2578008FF634 /* Resources */,
			);
			buildRules = (
			);
			dependencies = (
				4B1E365119CF2578008FF634 /* PBXTargetDependency */,
			);
			name = PostcardTests;
			productName = PostcardTests;
			productReference = 4B1E364F19CF2578008FF634 /* PostcardTests.xctest */;
			productType = "com.apple.product-type.bundle.unit-test";
		};
/* End PBXNativeTarget section */

/* Begin PBXProject section */
		4B1E363219CF2578008FF634 /* Project object */ = {
			isa = PBXProject;
			attributes = {
				LastUpgradeCheck = 0600;
				ORGANIZATIONNAME = "Clark Huang";
				TargetAttributes = {
					4B1E363919CF2578008FF634 = {
						CreatedOnToolsVersion = 6.0.1;
					};
					4B1E364E19CF2578008FF634 = {
						CreatedOnToolsVersion = 6.0.1;
						TestTargetID = 4B1E363919CF2578008FF634;
					};
				};
			};
			buildConfigurationList = 4B1E363519CF2578008FF634 /* Build configuration list for PBXProject "Postcard" */;
			compatibilityVersion = "Xcode 3.2";
			developmentRegion = English;
			hasScannedForEncodings = 0;
			knownRegions = (
				en,
				Base,
			);
			mainGroup = 4B1E363119CF2578008FF634;
			productRefGroup = 4B1E363B19CF2578008FF634 /* Products */;
			projectDirPath = "";
			projectRoot = "";
			targets = (
				4B1E363919CF2578008FF634 /* Postcard */,
				4B1E364E19CF2578008FF634 /* PostcardTests */,
			);
		};
/* End PBXProject section */

/* Begin PBXResourcesBuildPhase section */
		4B1E363819CF2578008FF634 /* Resources */ = {
			isa = PBXResourcesBuildPhase;
			buildActionMask = 2147483647;
			files = (
				4B1E364519CF2578008FF634 /* Main.storyboard in Resources */,
				4B1E366019CF2DB6008FF634 /* SagradaFamilia.jpeg in Resources */,
				4B1E366219CF307A008FF634 /* AlbertEinsteinStamp.jpg in Resources */,
				4B1E364A19CF2578008FF634 /* LaunchScreen.xib in Resources */,
				4B1E364719CF2578008FF634 /* Images.xcassets in Resources */,
			);
			runOnlyForDeploymentPostprocessing = 0;
		};
		4B1E364D19CF2578008FF634 /* Resources */ = {
			isa = PBXResourcesBuildPhase;
			buildActionMask = 2147483647;
			files = (
			);
			runOnlyForDeploymentPostprocessing = 0;
		};
/* End PBXResourcesBuildPhase section */

/* Begin PBXSourcesBuildPhase section */
		4B1E363619CF2578008FF634 /* Sources */ = {
			isa = PBXSourcesBuildPhase;
			buildActionMask = 2147483647;
			files = (
				4B1E364219CF2578008FF634 /* ViewController.swift in Sources */,
				4B1E364019CF2578008FF634 /* AppDelegate.swift in Sources */,
			);
			runOnlyForDeploymentPostprocessing = 0;
		};
		4B1E364B19CF2578008FF634 /* Sources */ = {
			isa = PBXSourcesBuildPhase;
			buildActionMask = 2147483647;
			files = (
				4B1E365619CF2578008FF634 /* PostcardTests.swift in Sources */,
			);
			runOnlyForDeploymentPostprocessing = 0;
		};
/* End PBXSourcesBuildPhase section */

/* Begin PBXTargetDependency section */
		4B1E365119CF2578008FF634 /* PBXTargetDependency */ = {
			isa = PBXTargetDependency;
			target = 4B1E363919CF2578008FF634 /* Postcard */;
			targetProxy = 4B1E365019CF2578008FF634 /* PBXContainerItemProxy */;
		};
/* End PBXTargetDependency section */

/* Begin PBXVariantGroup section */
		4B1E364319CF2578008FF634 /* Main.storyboard */ = {
			isa = PBXVariantGroup;
			children = (
				4B1E364419CF2578008FF634 /* Base */,
			);
			name = Main.storyboard;
			sourceTree = "<group>";
		};
		4B1E364819CF2578008FF634 /* LaunchScreen.xib */ = {
			isa = PBXVariantGroup;
			children = (
				4B1E364919CF2578008FF634 /* Base */,
			);
			name = LaunchScreen.xib;
			sourceTree = "<group>";
		};
/* End PBXVariantGroup section */

/* Begin XCBuildConfiguration section */
		4B1E365719CF2578008FF634 /* Debug */ = {
			isa = XCBuildConfiguration;
			buildSettings = {
				ALWAYS_SEARCH_USER_PATHS = NO;
				CLANG_CXX_LANGUAGE_STANDARD = "gnu++0x";
				CLANG_CXX_LIBRARY = "libc++";
				CLANG_ENABLE_MODULES = YES;
				CLANG_ENABLE_OBJC_ARC = YES;
				CLANG_WARN_BOOL_CONVERSION = YES;
				CLANG_WARN_CONSTANT_CONVERSION = YES;
				CLANG_WARN_DIRECT_OBJC_ISA_USAGE = YES_ERROR;
				CLANG_WARN_EMPTY_BODY = YES;
				CLANG_WARN_ENUM_CONVERSION = YES;
				CLANG_WARN_INT_CONVERSION = YES;
				CLANG_WARN_OBJC_ROOT_CLASS = YES_ERROR;
				CLANG_WARN_UNREACHABLE_CODE = YES;
				CLANG_WARN__DUPLICATE_METHOD_MATCH = YES;
				"CODE_SIGN_IDENTITY[sdk=iphoneos*]" = "iPhone Developer";
				COPY_PHASE_STRIP = NO;
				ENABLE_STRICT_OBJC_MSGSEND = YES;
				GCC_C_LANGUAGE_STANDARD = gnu99;
				GCC_DYNAMIC_NO_PIC = NO;
				GCC_OPTIMIZATION_LEVEL = 0;
				GCC_PREPROCESSOR_DEFINITIONS = (
					"DEBUG=1",
					"$(inherited)",
				);
				GCC_SYMBOLS_PRIVATE_EXTERN = NO;
				GCC_WARN_64_TO_32_BIT_CONVERSION = YES;
				GCC_WARN_ABOUT_RETURN_TYPE = YES_ERROR;
				GCC_WARN_UNDECLARED_SELECTOR = YES;
				GCC_WARN_UNINITIALIZED_AUTOS = YES_AGGRESSIVE;
				GCC_WARN_UNUSED_FUNCTION = YES;
				GCC_WARN_UNUSED_VARIABLE = YES;
				IPHONEOS_DEPLOYMENT_TARGET = 8.0;
				MTL_ENABLE_DEBUG_INFO = YES;
				ONLY_ACTIVE_ARCH = YES;
				SDKROOT = iphoneos;
				SWIFT_OPTIMIZATION_LEVEL = "-Onone";
			};
			name = Debug;
		};
		4B1E365819CF2578008FF634 /* Release */ = {
			isa = XCBuildConfiguration;
			buildSettings = {
				ALWAYS_SEARCH_USER_PATHS = NO;
				CLANG_CXX_LANGUAGE_STANDARD = "gnu++0x";
				CLANG_CXX_LIBRARY = "libc++";
				CLANG_ENABLE_MODULES = YES;
				CLANG_ENABLE_OBJC_ARC = YES;
				CLANG_WARN_BOOL_CONVERSION = YES;
				CLANG_WARN_CONSTANT_CONVERSION = YES;
				CLANG_WARN_DIRECT_OBJC_ISA_USAGE = YES_ERROR;
				CLANG_WARN_EMPTY_BODY = YES;
				CLANG_WARN_ENUM_CONVERSION = YES;
				CLANG_WARN_INT_CONVERSION = YES;
				CLANG_WARN_OBJC_ROOT_CLASS = YES_ERROR;
				CLANG_WARN_UNREACHABLE_CODE = YES;
				CLANG_WARN__DUPLICATE_METHOD_MATCH = YES;
				"CODE_SIGN_IDENTITY[sdk=iphoneos*]" = "iPhone Developer";
				COPY_PHASE_STRIP = YES;
				ENABLE_NS_ASSERTIONS = NO;
				ENABLE_STRICT_OBJC_MSGSEND = YES;
				GCC_C_LANGUAGE_STANDARD = gnu99;
				GCC_WARN_64_TO_32_BIT_CONVERSION = YES;
				GCC_WARN_ABOUT_RETURN_TYPE = YES_ERROR;
				GCC_WARN_UNDECLARED_SELECTOR = YES;
				GCC_WARN_UNINITIALIZED_AUTOS = YES_AGGRESSIVE;
				GCC_WARN_UNUSED_FUNCTION = YES;
				GCC_WARN_UNUSED_VARIABLE = YES;
				IPHONEOS_DEPLOYMENT_TARGET = 8.0;
				MTL_ENABLE_DEBUG_INFO = NO;
				SDKROOT = iphoneos;
				VALIDATE_PRODUCT = YES;
			};
			name = Release;
		};
		4B1E365A19CF2578008FF634 /* Debug */ = {
			isa = XCBuildConfiguration;
			buildSettings = {
				ASSETCATALOG_COMPILER_APPICON_NAME = AppIcon;
				INFOPLIST_FILE = Postcard/Info.plist;
				LD_RUNPATH_SEARCH_PATHS = "$(inherited) @executable_path/Frameworks";
				PRODUCT_NAME = "$(TARGET_NAME)";
			};
			name = Debug;
		};
		4B1E365B19CF2578008FF634 /* Release */ = {
			isa = XCBuildConfiguration;
			buildSettings = {
				ASSETCATALOG_COMPILER_APPICON_NAME = AppIcon;
				INFOPLIST_FILE = Postcard/Info.plist;
				LD_RUNPATH_SEARCH_PATHS = "$(inherited) @executable_path/Frameworks";
				PRODUCT_NAME = "$(TARGET_NAME)";
			};
			name = Release;
		};
		4B1E365D19CF2578008FF634 /* Debug */ = {
			isa = XCBuildConfiguration;
			buildSettings = {
				BUNDLE_LOADER = "$(TEST_HOST)";
				FRAMEWORK_SEARCH_PATHS = (
					"$(SDKROOT)/Developer/Library/Frameworks",
					"$(inherited)",
				);
				GCC_PREPROCESSOR_DEFINITIONS = (
					"DEBUG=1",
					"$(inherited)",
				);
				INFOPLIST_FILE = PostcardTests/Info.plist;
				LD_RUNPATH_SEARCH_PATHS = "$(inherited) @executable_path/Frameworks @loader_path/Frameworks";
				PRODUCT_NAME = "$(TARGET_NAME)";
				TEST_HOST = "$(BUILT_PRODUCTS_DIR)/Postcard.app/Postcard";
			};
			name = Debug;
		};
		4B1E365E19CF2578008FF634 /* Release */ = {
			isa = XCBuildConfiguration;
			buildSettings = {
				BUNDLE_LOADER = "$(TEST_HOST)";
				FRAMEWORK_SEARCH_PATHS = (
					"$(SDKROOT)/Developer/Library/Frameworks",
					"$(inherited)",
				);
				INFOPLIST_FILE = PostcardTests/Info.plist;
				LD_RUNPATH_SEARCH_PATHS = "$(inherited) @executable_path/Frameworks @loader_path/Frameworks";
				PRODUCT_NAME = "$(TARGET_NAME)";
				TEST_HOST = "$(BUILT_PRODUCTS_DIR)/Postcard.app/Postcard";
			};
			name = Release;
		};
/* End XCBuildConfiguration section */

/* Begin XCConfigurationList section */
		4B1E363519CF2578008FF634 /* Build configuration list for PBXProject "Postcard" */ = {
			isa = XCConfigurationList;
			buildConfigurations = (
				4B1E365719CF2578008FF634 /* Debug */,
				4B1E365819CF2578008FF634 /* Release */,
			);
			defaultConfigurationIsVisible = 0;
			defaultConfigurationName = Release;
		};
		4B1E365919CF2578008FF634 /* Build configuration list for PBXNativeTarget "Postcard" */ = {
			isa = XCConfigurationList;
			buildConfigurations = (
				4B1E365A19CF2578008FF634 /* Debug */,
				4B1E365B19CF2578008FF634 /* Release */,
			);
			defaultConfigurationIsVisible = 0;
		};
		4B1E365C19CF2578008FF634 /* Build configuration list for PBXNativeTarget "PostcardTests" */ = {
			isa = XCConfigurationList;
			buildConfigurations = (
				4B1E365D19CF2578008FF634 /* Debug */,
				4B1E365E19CF2578008FF634 /* Release */,
			);
			defaultConfigurationIsVisible = 0;
		};
/* End XCConfigurationList section */
	};
	rootObject = 4B1E363219CF2578008FF634 /* Project object */;
}
